{
  "nodes": {
    "nix_unstable_pkgs": {
      "locked": {
        "lastModified": 1730785428,
        "narHash": "sha256-Zwl8YgTVJTEum+L+0zVAWvXAGbWAuXHax3KzuejaDyo=",
        "owner": "nixos",
        "repo": "nixpkgs",
        "rev": "4aa36568d413aca0ea84a1684d2d46f55dbabad7",
        "type": "github"
      },
      "original": {
        "owner": "nixos",
        "ref": "nixos-unstable",
        "repo": "nixpkgs",
        "type": "github"
      }
    },
    "nixpkgs": {
      "locked": {
        "lastModified": 1651477990,
        "narHash": "sha256-nnY12IKDdVnnybAe44nPTTspS0KwA5SDNBo1z8K5/MU=",
        "owner": "nixos",
        "repo": "nixpkgs",
        "rev": "345ff18c99af958afdbd57f077aae9af4000e864",
        "type": "github"
      },
      "original": {
        "owner": "nixos",
        "ref": "release-20.03",
        "repo": "nixpkgs",
        "type": "github"
      }
    },
    "root": {
      "inputs": {
        "nix_unstable_pkgs": "nix_unstable_pkgs",
        "nixpkgs": "nixpkgs"
      }
    }
  },
  "root": "root",
  "version": 7
}
